
Microsoft Visual Studio Solution File, Format Version 12.00
# Visual Studio Version 17
VisualStudioVersion = 17.5.33424.131
MinimumVisualStudioVersion = 10.0.40219.1
Project("{9A19103F-16F7-4668-BE54-9A1E7A4F7556}") = "Todo.API", "Todo.API.csproj", "{17E8B8BE-CEC5-4984-A68B-627D7D0909F4}"
EndProject
Project("{9A19103F-16F7-4668-BE54-9A1E7A4F7556}") = "Todo.Infrastructure", "..\Todo.Repositories\Todo.Infrastructure.csproj", "{603C40BC-9674-4CBB-B4F1-15EF7C7EE1D6}"
EndProject
Project("{9A19103F-16F7-4668-BE54-9A1E7A4F7556}") = "Todo.Service", "..\Todo.Service\Todo.Service.csproj", "{4A1D28CA-D537-43A1-8BB7-1A5613B0A161}"
EndProject
Project("{9A19103F-16F7-4668-BE54-9A1E7A4F7556}") = "Todo.Core", "..\Todo.Core\Todo.Core.csproj", "{B79AFB56-0FA1-4872-A1E8-612308670EFB}"
EndProject
Project("{FAE04EC0-301F-11D3-BF4B-00C04F79EFBC}") = "Todo.Service.Test", "..\Todo.Service.Test\Todo.Service.Test.csproj", "{B0882739-C968-4A8E-B979-BAA58CD32B12}"
EndProject
Global
	GlobalSection(SolutionConfigurationPlatforms) = preSolution
		Debug|Any CPU = Debug|Any CPU
		Release|Any CPU = Release|Any CPU
	EndGlobalSection
	GlobalSection(ProjectConfigurationPlatforms) = postSolution
		{17E8B8BE-CEC5-4984-A68B-627D7D0909F4}.Debug|Any CPU.ActiveCfg = Debug|Any CPU
		{17E8B8BE-CEC5-4984-A68B-627D7D0909F4}.Debug|Any CPU.Build.0 = Debug|Any CPU
		{17E8B8BE-CEC5-4984-A68B-627D7D0909F4}.Release|Any CPU.ActiveCfg = Release|Any CPU
		{17E8B8BE-CEC5-4984-A68B-627D7D0909F4}.Release|Any CPU.Build.0 = Release|Any CPU
		{603C40BC-9674-4CBB-B4F1-15EF7C7EE1D6}.Debug|Any CPU.ActiveCfg = Debug|Any CPU
		{603C40BC-9674-4CBB-B4F1-15EF7C7EE1D6}.Debug|Any CPU.Build.0 = Debug|Any CPU
		{603C40BC-9674-4CBB-B4F1-15EF7C7EE1D6}.Release|Any CPU.ActiveCfg = Release|Any CPU
		{603C40BC-9674-4CBB-B4F1-15EF7C7EE1D6}.Release|Any CPU.Build.0 = Release|Any CPU
		{4A1D28CA-D537-43A1-8BB7-1A5613B0A161}.Debug|Any CPU.ActiveCfg = Debug|Any CPU
		{4A1D28CA-D537-43A1-8BB7-1A5613B0A161}.Debug|Any CPU.Build.0 = Debug|Any CPU
		{4A1D28CA-D537-43A1-8BB7-1A5613B0A161}.Release|Any CPU.ActiveCfg = Release|Any CPU
		{4A1D28CA-D537-43A1-8BB7-1A5613B0A161}.Release|Any CPU.Build.0 = Release|Any CPU
		{B79AFB56-0FA1-4872-A1E8-612308670EFB}.Debug|Any CPU.ActiveCfg = Debug|Any CPU
		{B79AFB56-0FA1-4872-A1E8-612308670EFB}.Debug|Any CPU.Build.0 = Debug|Any CPU
		{B79AFB56-0FA1-4872-A1E8-612308670EFB}.Release|Any CPU.ActiveCfg = Release|Any CPU
		{B79AFB56-0FA1-4872-A1E8-612308670EFB}.Release|Any CPU.Build.0 = Release|Any CPU
		{B0882739-C968-4A8E-B979-BAA58CD32B12}.Debug|Any CPU.ActiveCfg = Debug|Any CPU
		{B0882739-C968-4A8E-B979-BAA58CD32B12}.Debug|Any CPU.Build.0 = Debug|Any CPU
		{B0882739-C968-4A8E-B979-BAA58CD32B12}.Release|Any CPU.ActiveCfg = Release|Any CPU
		{B0882739-C968-4A8E-B979-BAA58CD32B12}.Release|Any CPU.Build.0 = Release|Any CPU
	EndGlobalSection
	GlobalSection(SolutionProperties) = preSolution
		HideSolutionNode = FALSE
	EndGlobalSection
	GlobalSection(ExtensibilityGlobals) = postSolution
		SolutionGuid = {9B93F164-3540-4BDC-8602-5034235DDE37}
	EndGlobalSection
EndGlobal
